{
  "projects": [
    {
      "projectId": "58GpZjZCWTaJ8AUhpCwt2K",
      "version": "3.28.0",
      "dependencies": {},
      "lang": "ts",
      "fileLocks": [
        {
          "assetId": "58GpZjZCWTaJ8AUhpCwt2K",
          "type": "projectCss",
          "checksum": "f0469e206244772473ab64f50be898f9"
        }
      ],
      "codegenVersion": "0.0.1"
    },
    {
      "projectId": "7nJ7UcFmq9UzB6eXfC5z4a",
      "version": "0.31.0",
      "dependencies": {},
      "lang": "ts",
      "fileLocks": [
        {
          "assetId": "7nJ7UcFmq9UzB6eXfC5z4a",
          "type": "projectCss",
          "checksum": "01e8cee5b9ce00fbc93f494c2a40dbf1"
        }
      ],
      "codegenVersion": "0.0.1"
    },
    {
      "projectId": "m2ufZZmzM3vYrft7FjXvKN",
      "version": "latest",
      "dependencies": {
        "7nJ7UcFmq9UzB6eXfC5z4a": "0.31.0",
        "58GpZjZCWTaJ8AUhpCwt2K": "3.28.0"
      },
      "lang": "ts",
      "fileLocks": [
        {
          "type": "globalVariant",
          "assetId": "Uvbgqc0ogCTu",
          "checksum": "d8c8f23da4758ebd210df07e8792650a"
        },
        {
          "type": "renderModule",
          "assetId": "dRfMo2DHkE4H",
          "checksum": "b0c9591b6d922ffd906ea4b05bfa3da5"
        },
        {
          "type": "cssRules",
          "assetId": "dRfMo2DHkE4H",
          "checksum": "b0c9591b6d922ffd906ea4b05bfa3da5"
        },
        {
          "type": "renderModule",
          "assetId": "poPR_J5i5XJ8",
          "checksum": "f1dc5589da23d89ce345e8517e959673"
        },
        {
          "type": "cssRules",
          "assetId": "poPR_J5i5XJ8",
          "checksum": "f1dc5589da23d89ce345e8517e959673"
        },
        {
          "type": "renderModule",
          "assetId": "RhcWMdArqdU0",
          "checksum": "f001ca9e26b5bafc3e776d8d2a169538"
        },
        {
          "type": "cssRules",
          "assetId": "RhcWMdArqdU0",
          "checksum": "f001ca9e26b5bafc3e776d8d2a169538"
        },
        {
          "type": "renderModule",
          "assetId": "MeL8EzD6w5jN",
          "checksum": "be9027685b7b7f742c6e79fc3a183523"
        },
        {
          "type": "cssRules",
          "assetId": "MeL8EzD6w5jN",
          "checksum": "be9027685b7b7f742c6e79fc3a183523"
        },
        {
          "type": "renderModule",
          "assetId": "ZntZdkCGK9cH",
          "checksum": "a9eeceb9c12b330c3d801dcdf8e5a91a"
        },
        {
          "type": "cssRules",
          "assetId": "ZntZdkCGK9cH",
          "checksum": "a9eeceb9c12b330c3d801dcdf8e5a91a"
        },
        {
          "type": "renderModule",
          "assetId": "0ksaRVFy-T38",
          "checksum": "539c83b9332580bfb7c3e4a08e72e3d7"
        },
        {
          "type": "cssRules",
          "assetId": "0ksaRVFy-T38",
          "checksum": "539c83b9332580bfb7c3e4a08e72e3d7"
        },
        {
          "type": "renderModule",
          "assetId": "tbgq9mOZKu0a",
          "checksum": "21b76131116702f4e44cb87edb7f9bc4"
        },
        {
          "type": "cssRules",
          "assetId": "tbgq9mOZKu0a",
          "checksum": "21b76131116702f4e44cb87edb7f9bc4"
        },
        {
          "type": "renderModule",
          "assetId": "31XuNEGVXzJ0",
          "checksum": "4eeaf30b78cf709f0fb7612c92862e52"
        },
        {
          "type": "cssRules",
          "assetId": "31XuNEGVXzJ0",
          "checksum": "4eeaf30b78cf709f0fb7612c92862e52"
        },
        {
          "type": "renderModule",
          "assetId": "tDGY5jJHVE6W",
          "checksum": "2df1b9e46a4f4a4fb777e038ec7af801"
        },
        {
          "type": "cssRules",
          "assetId": "tDGY5jJHVE6W",
          "checksum": "2df1b9e46a4f4a4fb777e038ec7af801"
        },
        {
          "type": "renderModule",
          "assetId": "Z71BzTrFPV0V",
          "checksum": "c925e5bddb590ba46fc44b779dedfaed"
        },
        {
          "type": "cssRules",
          "assetId": "Z71BzTrFPV0V",
          "checksum": "c925e5bddb590ba46fc44b779dedfaed"
        },
        {
          "type": "icon",
          "assetId": "fClkMOA71Lue",
          "checksum": "0a9bb0f8d0f4ffc907191b88709c779d"
        },
        {
          "type": "icon",
          "assetId": "MMcm4jy7mPYy",
          "checksum": "69378fa2b6b3c56610f6664f2f44c817"
        },
        {
          "type": "icon",
          "assetId": "TiebPiBELr2y",
          "checksum": "348d3e7f07090e67cd8001578ef5f298"
        },
        {
          "type": "icon",
          "assetId": "V1EL3dqBfwh7",
          "checksum": "9464829f30ae78128ef4f3c25245780e"
        },
        {
          "type": "icon",
          "assetId": "JZFQl9_JuQ9k",
          "checksum": "396d60f3d83933ba037932efc7baf980"
        },
        {
          "type": "icon",
          "assetId": "_jqS4E2FSk2f",
          "checksum": "4aee6f437a82b9cb36b83d7471caae15"
        },
        {
          "type": "icon",
          "assetId": "LxZZaqSSsefv",
          "checksum": "3c02dabc6eece704a34cd1ec140c8504"
        },
        {
          "type": "icon",
          "assetId": "S7jBzUKV0Z_f",
          "checksum": "b8ce59642e4d097a3c4b86fe5a49fec5"
        },
        {
          "type": "icon",
          "assetId": "2BgqYUbPNKdf",
          "checksum": "eff6dc4f77b9ddf327cb3374d33b2da6"
        },
        {
          "type": "icon",
          "assetId": "LrBshISPiop9",
          "checksum": "9c1aacd78da6bef95169bfae0d92c690"
        },
        {
          "type": "image",
          "assetId": "KpEvoKlXPcTv",
          "checksum": "33698c4a125a87fb2e7bd24a5dec98ed"
        },
        {
          "type": "image",
          "assetId": "FOk5hPSgRa89",
          "checksum": "5326a0e1da97f3f892af8ecbb10c7a3e"
        },
        {
          "type": "image",
          "assetId": "hHxwREAWLiKK",
          "checksum": "5bcbff4df51637da4bef06b64ff679ab"
        },
        {
          "type": "image",
          "assetId": "pa7zmADnhDWV",
          "checksum": "cd4649749efc98b3f054c9c5cc0ac0f5"
        },
        {
          "type": "image",
          "assetId": "qIpAJOS39qFh",
          "checksum": "a1bc3fd6de550a7e289b02ec786b93b6"
        },
        {
          "type": "image",
          "assetId": "Hf8OgjorQ00q",
          "checksum": "18d6600f46fdd062d0e81b2643d73b01"
        },
        {
          "type": "image",
          "assetId": "SQMK9xG2kACH",
          "checksum": "c2214c3888ab3351f640719b4a76b8f1"
        },
        {
          "type": "image",
          "assetId": "6kuFnnkNLEyu",
          "checksum": "e7e06a410f24595c52e52ecfb9af4556"
        },
        {
          "type": "image",
          "assetId": "FCznG_YOjW56",
          "checksum": "31fcf15112a87f63846124023693b66b"
        },
        {
          "type": "image",
          "assetId": "3zBI1LlVm2bB",
          "checksum": "f06e70b5c7f0d7a24032461127f88c41"
        },
        {
          "type": "image",
          "assetId": "hHDaKCI44YBX",
          "checksum": "2c51e5802978ddf83979ee2656a96ec2"
        },
        {
          "type": "image",
          "assetId": "HwQNS6g1MCxp",
          "checksum": "8734ff1cf1cb7f652cf37c4fec6cf176"
        },
        {
          "type": "image",
          "assetId": "9SnLygbAjei_",
          "checksum": "f123279e14d1ef33e51a3c5a715fbd7a"
        },
        {
          "type": "image",
          "assetId": "H3fker57ZNVm",
          "checksum": "d42458f5944e13f5b5f96f389a7ceea8"
        },
        {
          "type": "image",
          "assetId": "6w5JpEYvFJ3a",
          "checksum": "297802693c0d2ff086774c622f2c94e4"
        },
        {
          "type": "image",
          "assetId": "EIvjpbdmoTf0",
          "checksum": "7eac5306887e7359b3dbb44768f6c349"
        },
        {
          "type": "image",
          "assetId": "QXpTQmDiZdBX",
          "checksum": "70ec42975f9243f1861dc4b4f1bcbad9"
        },
        {
          "type": "image",
          "assetId": "uD3seufBPlPS",
          "checksum": "5dca57dbe821ef892b03aef5193b204e"
        },
        {
          "type": "image",
          "assetId": "ObQx5dtjDDzr",
          "checksum": "9617dbb5c6660c9cf09f27699f8286e9"
        },
        {
          "type": "image",
          "assetId": "_HYnXZUevSwz",
          "checksum": "8b0323006b99622ef5601740772a1a9e"
        },
        {
          "type": "image",
          "assetId": "eSlIQieeT0Bj",
          "checksum": "b4b365040cfc35bcfe5a419be7f0ddd8"
        },
        {
          "type": "image",
          "assetId": "JMgRVPFRc--1",
          "checksum": "e579c84fea4f3de1968494bc16d17ee8"
        },
        {
          "type": "image",
          "assetId": "9U3u3BaH_ltO",
          "checksum": "0901e666e183a4cad663e65307799e52"
        },
        {
          "type": "image",
          "assetId": "g9nUBdT_26lH",
          "checksum": "7a051662df4d52405e480a4a12ea58a7"
        },
        {
          "type": "image",
          "assetId": "7OZ6MnIoOZLm",
          "checksum": "6d6cc188b9d675e63df65799862fadb8"
        },
        {
          "type": "image",
          "assetId": "vCCI5S7l-aL_",
          "checksum": "1c05353fbebfc5000836576465f54b28"
        },
        {
          "type": "image",
          "assetId": "ys4YFIsJ6VRR",
          "checksum": "f417aa967bb4f87945b6ead57ab34e65"
        },
        {
          "type": "image",
          "assetId": "0K5UskDX5eBM",
          "checksum": "7f24698d2578df7adde35a8b7bfe4ba5"
        },
        {
          "type": "image",
          "assetId": "9B7AymVgKqJ2",
          "checksum": "0d3d892e52823c876d4be88db778adc5"
        },
        {
          "type": "image",
          "assetId": "0ipofnWUPyaY",
          "checksum": "c18fad2c7e151da6762f79b4609c5251"
        },
        {
          "type": "image",
          "assetId": "dwpcnMRIpR9T",
          "checksum": "2e28a3e02f554e5d35711c8f516046b5"
        },
        {
          "type": "image",
          "assetId": "9jLYsoB5OjMq",
          "checksum": "1d9596df7be1c14bb632feb6ff378705"
        },
        {
          "type": "image",
          "assetId": "_yYJS_dp_9n2",
          "checksum": "3ecfd7fcc672bc7c53c0123de6fbb28a"
        },
        {
          "type": "image",
          "assetId": "nTfn8iCMFQr7",
          "checksum": "30c106e1e08429fcf0c855ba5c941f8f"
        },
        {
          "type": "image",
          "assetId": "xTmWL0H0OX35",
          "checksum": "d3b9413c6eaf92012d62a162b3ddaf43"
        },
        {
          "type": "image",
          "assetId": "XHIZ4EkrN37H",
          "checksum": "1dc24d3d1104455a8ca8f3a85bda9cfa"
        },
        {
          "type": "image",
          "assetId": "T0UAeBIlyIcE",
          "checksum": "48e52da0d3210a7945b3ebf1d3570919"
        },
        {
          "type": "image",
          "assetId": "iWPfxboInbAW",
          "checksum": "d724d6cb26c9e34026f4ef5b1afafb81"
        },
        {
          "type": "image",
          "assetId": "cCIAwjCNpb4o",
          "checksum": "d7d236cd000687a1ae4c48d65e6a97b5"
        },
        {
          "type": "image",
          "assetId": "0jljo4jVurWs",
          "checksum": "33bd16808e9c7a0cc6fd4edc247bfe01"
        },
        {
          "type": "image",
          "assetId": "k4HYyfWK_5e4",
          "checksum": "03cdb9ac83d6459be5ac5b89103147ce"
        },
        {
          "type": "image",
          "assetId": "CGbgRGGv-M0n",
          "checksum": "1c444769a3311b488c1fdf29568a1ad4"
        },
        {
          "type": "image",
          "assetId": "IAYZs0OgOCud",
          "checksum": "b3fbe3a39c152cf723ef4f846868ed2f"
        },
        {
          "type": "image",
          "assetId": "-HloFUUmqg_l",
          "checksum": "936ae1703723712fbbc24247be9b443c"
        },
        {
          "assetId": "m2ufZZmzM3vYrft7FjXvKN",
          "type": "projectCss",
          "checksum": "26b39ab2d2c844f92b165c19ace2ae95"
        }
      ],
      "codegenVersion": "0.0.1"
    }
  ],
  "cliVersion": "0.1.335"
}
